
Microsoft Visual Studio Solution File, Format Version 12.00
# Visual Studio Version 17
VisualStudioVersion = 17.7.34031.279
MinimumVisualStudioVersion = 10.0.40219.1
Project("{FAE04EC0-301F-11D3-BF4B-00C04F79EFBC}") = "ProjectMaster", "ProjectMaster.csproj", "{381DD36C-47EE-405C-B1D9-E5531B0D2298}"
EndProject
Project("{54435603-DBB4-11D2-8724-00A0C9A8B90C}") = "ProjectMasterInstaller", "..\ProjectMasterInstaller\ProjectMasterInstaller.vdproj", "{ECCB0983-6CE0-4683-95EF-4D2C84551B4E}"
EndProject
Global
	GlobalSection(SolutionConfigurationPlatforms) = preSolution
		Debug|Any CPU = Debug|Any CPU
		Release|Any CPU = Release|Any CPU
	EndGlobalSection
	GlobalSection(ProjectConfigurationPlatforms) = postSolution
		{381DD36C-47EE-405C-B1D9-E5531B0D2298}.Debug|Any CPU.ActiveCfg = Debug|Any CPU
		{381DD36C-47EE-405C-B1D9-E5531B0D2298}.Debug|Any CPU.Build.0 = Debug|Any CPU
		{381DD36C-47EE-405C-B1D9-E5531B0D2298}.Release|Any CPU.ActiveCfg = Release|Any CPU
		{381DD36C-47EE-405C-B1D9-E5531B0D2298}.Release|Any CPU.Build.0 = Release|Any CPU
		{ECCB0983-6CE0-4683-95EF-4D2C84551B4E}.Debug|Any CPU.ActiveCfg = Debug
		{ECCB0983-6CE0-4683-95EF-4D2C84551B4E}.Release|Any CPU.ActiveCfg = Release
	EndGlobalSection
	GlobalSection(SolutionProperties) = preSolution
		HideSolutionNode = FALSE
	EndGlobalSection
	GlobalSection(ExtensibilityGlobals) = postSolution
		SolutionGuid = {AF574374-76E8-42C7-BB4D-87A5AB4AB0B6}
	EndGlobalSection
EndGlobal
